<?xml version="1.0" encoding="utf-8"?>
<Project ToolsVersion="4.0" xmlns="http://schemas.microsoft.com/developer/msbuild/2003">
  <ItemGroup>
    <Filter Include="Source Files">
      <UniqueIdentifier>{4FC737F1-C7A5-4376-A066-2A32D752A2FF}</UniqueIdentifier>
      <Extensions>cpp;cxx;c;def</Extensions>
    </Filter>
    <Filter Include="Header Files">
      <UniqueIdentifier>{93995380-89BD-4b04-88EB-625FBE52EBFB}</UniqueIdentifier>
      <Extensions>h</Extensions>
    </Filter>
    <Filter Include="Form Files">
      <UniqueIdentifier>{99349809-55BA-4b9d-BF79-8FDBB0286EB3}</UniqueIdentifier>
      <Extensions>ui</Extensions>
    </Filter>
    <Filter Include="Resource Files">
      <UniqueIdentifier>{D9D6E242-F8AF-46E4-B9FD-80ECBC20BA3E}</UniqueIdentifier>
      <Extensions>qrc;*</Extensions>
      <ParseFiles>false</ParseFiles>
    </Filter>
    <Filter Include="Generated Files">
      <UniqueIdentifier>{71ED8ED8-ACB9-4CE9-BBE1-E00B30144E11}</UniqueIdentifier>
      <Extensions>moc;h;cpp</Extensions>
      <SourceControlFiles>False</SourceControlFiles>
    </Filter>
    <Filter Include="Generated Files\Debug">
      <UniqueIdentifier>{1d362453-3a25-4d8d-9cb3-0621ef7d24fd}</UniqueIdentifier>
      <Extensions>cpp;moc</Extensions>
      <SourceControlFiles>False</SourceControlFiles>
    </Filter>
    <Filter Include="Source Files\gui">
      <UniqueIdentifier>{5afa9186-3e98-4522-807d-cc2baf2a2958}</UniqueIdentifier>
    </Filter>
    <Filter Include="Source Files\gui\application">
      <UniqueIdentifier>{1defa899-a47e-406f-b01b-84eda4076b30}</UniqueIdentifier>
    </Filter>
    <Filter Include="Source Files\gui\include">
      <UniqueIdentifier>{c753441c-ec08-4fe8-aa2f-2b18fece6830}</UniqueIdentifier>
    </Filter>
    <Filter Include="Source Files\gui\include\templates">
      <UniqueIdentifier>{7a9bfa2e-b656-4780-b9a5-dcfe73bf5abf}</UniqueIdentifier>
    </Filter>
    <Filter Include="Source Files\gui\include\templates\logoTemplate">
      <UniqueIdentifier>{3472ddd7-9aa5-4fe9-91cf-c55d04b89dd3}</UniqueIdentifier>
    </Filter>
    <Filter Include="Source Files\gui\include\templates\nextBackTemplate">
      <UniqueIdentifier>{be05e39d-a208-4375-ba49-3b2179b116e1}</UniqueIdentifier>
    </Filter>
    <Filter Include="Source Files\gui\pages">
      <UniqueIdentifier>{8e576d2e-2d58-4145-8c53-8d0258c0c506}</UniqueIdentifier>
    </Filter>
    <Filter Include="Source Files\gui\pages\welcome">
      <UniqueIdentifier>{9bfb0180-6db8-4bcc-ae0a-fa5ce6508199}</UniqueIdentifier>
    </Filter>
    <Filter Include="Source Files\gui\pages\welcome\components">
      <UniqueIdentifier>{f512e360-69d6-4e68-9b53-b3b1c7deb0e7}</UniqueIdentifier>
    </Filter>
    <Filter Include="Source Files\gui\pages\map">
      <UniqueIdentifier>{36d0c132-43cb-44d8-9ad1-8314e787ab50}</UniqueIdentifier>
    </Filter>
    <Filter Include="Source Files\gui\pages\playerConfig">
      <UniqueIdentifier>{669af1f1-1dd4-465f-a19a-c34fe34fc63c}</UniqueIdentifier>
    </Filter>
    <Filter Include="Source Files\market">
      <UniqueIdentifier>{33a5fa5a-1ec2-438c-9654-23cece01c46a}</UniqueIdentifier>
    </Filter>
    <Filter Include="Source Files\card">
      <UniqueIdentifier>{99d1d4eb-2407-44d2-a6ca-f4a0f48c4483}</UniqueIdentifier>
    </Filter>
    <Filter Include="Source Files\map">
      <UniqueIdentifier>{2ae5c052-4c9f-4b23-8c02-e05897152296}</UniqueIdentifier>
    </Filter>
    <Filter Include="Source Files\player">
      <UniqueIdentifier>{0c9df0c7-f692-4a54-a40d-ab9fd55a45d1}</UniqueIdentifier>
    </Filter>
    <Filter Include="Source Files\house">
      <UniqueIdentifier>{11177be3-7764-4092-9180-c902840d09e6}</UniqueIdentifier>
    </Filter>
    <Filter Include="Source Files\config">
      <UniqueIdentifier>{03841122-a9ec-46a9-abfe-dc5dcdc457d9}</UniqueIdentifier>
    </Filter>
    <Filter Include="Source Files\card\summary">
      <UniqueIdentifier>{9aa75745-b59d-4621-a5e1-3923dad265a1}</UniqueIdentifier>
    </Filter>
    <Filter Include="Source Files\card\powerplant">
      <UniqueIdentifier>{a9c70eef-97c3-43db-b227-98cac71b63f0}</UniqueIdentifier>
    </Filter>
    <Filter Include="Header Files\card">
      <UniqueIdentifier>{b31fe3c7-777a-4965-9da1-f351546204dc}</UniqueIdentifier>
    </Filter>
    <Filter Include="Header Files\card\powerplant">
      <UniqueIdentifier>{8034f380-4de5-4ce6-b8bc-f664ab393b99}</UniqueIdentifier>
    </Filter>
    <Filter Include="Header Files\card\summary">
      <UniqueIdentifier>{f7d2f50d-c3c5-4ab8-aacb-a5edfb256119}</UniqueIdentifier>
    </Filter>
    <Filter Include="Header Files\config">
      <UniqueIdentifier>{884d2c1a-fc57-4878-98f0-cf117ec76fe2}</UniqueIdentifier>
    </Filter>
    <Filter Include="Header Files\gui">
      <UniqueIdentifier>{a2284405-d8fa-4f03-8475-6d46fac9e59c}</UniqueIdentifier>
    </Filter>
    <Filter Include="Header Files\house">
      <UniqueIdentifier>{944f8cad-8e1d-4517-b12e-d770cff77ccc}</UniqueIdentifier>
    </Filter>
    <Filter Include="Header Files\map">
      <UniqueIdentifier>{6eafba63-08cc-4bac-819e-b1044cd30e47}</UniqueIdentifier>
    </Filter>
    <Filter Include="Header Files\market">
      <UniqueIdentifier>{f7cfa6a8-3762-40fa-bba4-76e0691e7ce3}</UniqueIdentifier>
    </Filter>
    <Filter Include="Header Files\player">
      <UniqueIdentifier>{f44e3874-96b7-4566-9bee-50e7c00d19da}</UniqueIdentifier>
    </Filter>
    <Filter Include="Header Files\gui\application">
      <UniqueIdentifier>{e6d9fa75-903d-441e-9a19-7c1b50141c11}</UniqueIdentifier>
    </Filter>
    <Filter Include="Header Files\gui\include">
      <UniqueIdentifier>{dcedc329-ef3b-4085-8c8e-1a1ac72bc33e}</UniqueIdentifier>
    </Filter>
    <Filter Include="Header Files\gui\pages">
      <UniqueIdentifier>{747fcea1-2eea-4eb9-9a12-610831085d75}</UniqueIdentifier>
    </Filter>
    <Filter Include="Header Files\gui\include\templates">
      <UniqueIdentifier>{b783e9f7-45bc-452f-afe9-df78f3a156e0}</UniqueIdentifier>
    </Filter>
    <Filter Include="Header Files\gui\include\templates\logoTemplate">
      <UniqueIdentifier>{939e34d3-d506-4a17-8976-9757aa7651b4}</UniqueIdentifier>
    </Filter>
    <Filter Include="Header Files\gui\include\templates\nextBackTemplate">
      <UniqueIdentifier>{a933790c-18a8-4773-85fd-7ff63cbee372}</UniqueIdentifier>
    </Filter>
    <Filter Include="Header Files\gui\pages\map">
      <UniqueIdentifier>{89ee678e-cc9c-4c48-b625-cc8e5a3ca85b}</UniqueIdentifier>
    </Filter>
    <Filter Include="Header Files\gui\pages\playerConfig">
      <UniqueIdentifier>{80de13ab-27e9-405a-be1e-700a953a9648}</UniqueIdentifier>
    </Filter>
    <Filter Include="Header Files\gui\pages\welcome">
      <UniqueIdentifier>{44a532f3-2488-43ef-acd8-3f31f337ecbb}</UniqueIdentifier>
    </Filter>
    <Filter Include="Header Files\gui\pages\welcome\components">
      <UniqueIdentifier>{9ab1be96-6930-46a4-a866-7504f9be14fb}</UniqueIdentifier>
    </Filter>
    <Filter Include="Source Files\game">
      <UniqueIdentifier>{530363ba-2e5f-4da1-96f3-c72ede83b044}</UniqueIdentifier>
    </Filter>
    <Filter Include="Header Files\game">
      <UniqueIdentifier>{eab26a51-4724-46cc-953c-8dbad08b052f}</UniqueIdentifier>
    </Filter>
    <Filter Include="Source Files\test">
      <UniqueIdentifier>{47bbde89-fc6f-458e-9a02-330aaca42227}</UniqueIdentifier>
    </Filter>
    <Filter Include="Source Files\test\player">
      <UniqueIdentifier>{ec7132e7-05b1-4897-8cb7-5e160089ec07}</UniqueIdentifier>
    </Filter>
    <Filter Include="Header Files\test">
      <UniqueIdentifier>{fe7d6603-d73e-46ea-b759-41c67dda382c}</UniqueIdentifier>
    </Filter>
    <Filter Include="Header Files\test\player">
      <UniqueIdentifier>{da9d8595-4c38-4b22-8777-af0202211bd4}</UniqueIdentifier>
    </Filter>
    <Filter Include="Source Files\gui\pages\playerConfig\components">
      <UniqueIdentifier>{07a33550-bc0b-4f20-9e03-5360a7cb2ddc}</UniqueIdentifier>
    </Filter>
    <Filter Include="Header Files\gui\pages\playerConfig\components">
      <UniqueIdentifier>{0b0d5b68-dd41-4d4a-a004-eb8376f06088}</UniqueIdentifier>
    </Filter>
    <Filter Include="Source Files\gui\pages\board">
      <UniqueIdentifier>{d0351949-ad25-488c-8bdc-c72ad057362b}</UniqueIdentifier>
    </Filter>
    <Filter Include="Header Files\gui\pages\board">
      <UniqueIdentifier>{ea2b9ae4-593a-4cab-bfc6-2f9fd1164fbb}</UniqueIdentifier>
    </Filter>
    <Filter Include="Source Files\gui\pages\board\components">
      <UniqueIdentifier>{7f22f375-bf6e-4133-92e8-7224e9d39483}</UniqueIdentifier>
    </Filter>
    <Filter Include="Header Files\gui\pages\board\components">
      <UniqueIdentifier>{2b9039e5-6ecf-43fd-b4bd-9bbe95267b26}</UniqueIdentifier>
    </Filter>
  </ItemGroup>
  <ItemGroup>
    <ClCompile Include="main.cpp">
      <Filter>Source Files</Filter>
    </ClCompile>
    <ClCompile Include="GeneratedFiles\qrc_powergrid.cpp">
      <Filter>Generated Files</Filter>
    </ClCompile>
    <ClCompile Include="TemplateLogoWidget.cpp">
      <Filter>Source Files\gui\include\templates\logoTemplate</Filter>
    </ClCompile>
    <ClCompile Include="WelcomeWidget.cpp">
      <Filter>Source Files\gui\pages\welcome</Filter>
    </ClCompile>
    <ClCompile Include="WelcomeMenuWidget.cpp">
      <Filter>Source Files\gui\pages\welcome\components</Filter>
    </ClCompile>
    <ClCompile Include="Application.cpp">
      <Filter>Source Files\gui\application</Filter>
    </ClCompile>
    <ClCompile Include="MainFrame.cpp">
      <Filter>Source Files\gui\application</Filter>
    </ClCompile>
    <ClCompile Include="MapWidget.cpp">
      <Filter>Source Files\gui\pages\map</Filter>
    </ClCompile>
    <ClCompile Include="TemplateNextBackWidget.cpp">
      <Filter>Source Files\gui\include\templates\nextBackTemplate</Filter>
    </ClCompile>
    <ClCompile Include="PlayerConfigWidget.cpp">
      <Filter>Source Files\gui\pages\playerConfig</Filter>
    </ClCompile>
    <ClCompile Include="GeneratedFiles\Debug\moc_WelcomeMenuWidget.cpp">
      <Filter>Generated Files\Debug</Filter>
    </ClCompile>
    <ClCompile Include="GeneratedFiles\Debug\moc_MapWidget.cpp">
      <Filter>Generated Files\Debug</Filter>
    </ClCompile>
    <ClCompile Include="GeneratedFiles\Debug\moc_MainFrame.cpp">
      <Filter>Generated Files\Debug</Filter>
    </ClCompile>
    <ClCompile Include="ResourceMarket.cpp">
      <Filter>Source Files\market</Filter>
    </ClCompile>
    <ClCompile Include="City.cpp">
      <Filter>Source Files\map</Filter>
    </ClCompile>
    <ClCompile Include="Connection.cpp">
      <Filter>Source Files\map</Filter>
    </ClCompile>
    <ClCompile Include="Map.cpp">
      <Filter>Source Files\map</Filter>
    </ClCompile>
    <ClCompile Include="Region.cpp">
      <Filter>Source Files\map</Filter>
    </ClCompile>
    <ClCompile Include="Player.cpp">
      <Filter>Source Files\player</Filter>
    </ClCompile>
    <ClCompile Include="House.cpp">
      <Filter>Source Files\house</Filter>
    </ClCompile>
    <ClCompile Include="HouseColor.cpp">
      <Filter>Source Files\house</Filter>
    </ClCompile>
    <ClCompile Include="Config.cpp">
      <Filter>Source Files\config</Filter>
    </ClCompile>
    <ClCompile Include="ResourceMarketLevel.cpp">
      <Filter>Source Files\market</Filter>
    </ClCompile>
    <ClCompile Include="Overview.cpp">
      <Filter>Source Files\card\summary</Filter>
    </ClCompile>
    <ClCompile Include="Card.cpp">
      <Filter>Source Files\card\powerplant</Filter>
    </ClCompile>
    <ClCompile Include="StepCard.cpp">
      <Filter>Source Files\card\powerplant</Filter>
    </ClCompile>
    <ClCompile Include="PowerPlantCard.cpp">
      <Filter>Source Files\card\powerplant</Filter>
    </ClCompile>
    <ClCompile Include="GameStatus.cpp">
      <Filter>Source Files\config</Filter>
    </ClCompile>
    <ClCompile Include="CardStack.cpp">
      <Filter>Source Files\card</Filter>
    </ClCompile>
    <ClCompile Include="Game.cpp">
      <Filter>Source Files\game</Filter>
    </ClCompile>
    <ClCompile Include="PlayerTest.cpp">
      <Filter>Source Files\test\player</Filter>
    </ClCompile>
    <ClCompile Include="GeneratedFiles\Debug\moc_PlayerConfigWidget.cpp">
      <Filter>Generated Files\Debug</Filter>
    </ClCompile>
    <ClCompile Include="PlayerConfigRowWidget.cpp">
      <Filter>Source Files\gui\pages\playerConfig\components</Filter>
    </ClCompile>
    <ClCompile Include="BoardWidget.cpp">
      <Filter>Source Files\gui\pages\board</Filter>
    </ClCompile>
    <ClCompile Include="BoardTopWidget.cpp">
      <Filter>Source Files\gui\pages\board\components</Filter>
    </ClCompile>
    <ClCompile Include="BoardBottomWidget.cpp">
      <Filter>Source Files\gui\pages\board\components</Filter>
    </ClCompile>
  </ItemGroup>
  <ItemGroup>
    <CustomBuild Include="powergrid.qrc">
      <Filter>Resource Files</Filter>
    </CustomBuild>
    <CustomBuild Include="MainFrame.h">
      <Filter>Header Files\gui\application</Filter>
    </CustomBuild>
    <CustomBuild Include="MapWidget.h">
      <Filter>Header Files\gui\pages\map</Filter>
    </CustomBuild>
    <CustomBuild Include="WelcomeMenuWidget.h">
      <Filter>Header Files\gui\pages\welcome\components</Filter>
    </CustomBuild>
    <CustomBuild Include="PlayerConfigWidget.h">
      <Filter>Header Files\gui\pages\playerConfig</Filter>
    </CustomBuild>
  </ItemGroup>
  <ItemGroup>
    <ClInclude Include="Helpers.h">
      <Filter>Header Files</Filter>
    </ClInclude>
    <ClInclude Include="Resource.h">
      <Filter>Header Files</Filter>
    </ClInclude>
    <ClInclude Include="Card.h">
      <Filter>Header Files\card\powerplant</Filter>
    </ClInclude>
    <ClInclude Include="PowerPlantCard.h">
      <Filter>Header Files\card\powerplant</Filter>
    </ClInclude>
    <ClInclude Include="StepCard.h">
      <Filter>Header Files\card\powerplant</Filter>
    </ClInclude>
    <ClInclude Include="Overview.h">
      <Filter>Header Files\card\summary</Filter>
    </ClInclude>
    <ClInclude Include="Application.h">
      <Filter>Header Files\gui\application</Filter>
    </ClInclude>
    <ClInclude Include="Config.h">
      <Filter>Header Files\config</Filter>
    </ClInclude>
    <ClInclude Include="TemplateLogoWidget.h">
      <Filter>Header Files\gui\include\templates\logoTemplate</Filter>
    </ClInclude>
    <ClInclude Include="TemplateNextBackWidget.h">
      <Filter>Header Files\gui\include\templates\nextBackTemplate</Filter>
    </ClInclude>
    <ClInclude Include="WelcomeWidget.h">
      <Filter>Header Files\gui\pages\welcome</Filter>
    </ClInclude>
    <ClInclude Include="House.h">
      <Filter>Header Files\house</Filter>
    </ClInclude>
    <ClInclude Include="HouseColor.h">
      <Filter>Header Files\house</Filter>
    </ClInclude>
    <ClInclude Include="City.h">
      <Filter>Header Files\map</Filter>
    </ClInclude>
    <ClInclude Include="Connection.h">
      <Filter>Header Files\map</Filter>
    </ClInclude>
    <ClInclude Include="Map.h">
      <Filter>Header Files\map</Filter>
    </ClInclude>
    <ClInclude Include="Region.h">
      <Filter>Header Files\map</Filter>
    </ClInclude>
    <ClInclude Include="ResourceMarket.h">
      <Filter>Header Files\market</Filter>
    </ClInclude>
    <ClInclude Include="ResourceMarketLevel.h">
      <Filter>Header Files\market</Filter>
    </ClInclude>
    <ClInclude Include="Player.h">
      <Filter>Header Files\player</Filter>
    </ClInclude>
    <ClInclude Include="GameStatus.h">
      <Filter>Header Files\config</Filter>
    </ClInclude>
    <ClInclude Include="Game.h">
      <Filter>Header Files\game</Filter>
    </ClInclude>
    <ClInclude Include="CardStack.h">
      <Filter>Header Files\card</Filter>
    </ClInclude>
    <ClInclude Include="PlayerTest.h">
      <Filter>Header Files\test\player</Filter>
    </ClInclude>
    <ClInclude Include="GenericTest.h">
      <Filter>Header Files\test</Filter>
    </ClInclude>
    <ClInclude Include="PlayerConfigRowWidget.h">
      <Filter>Header Files\gui\pages\playerConfig\components</Filter>
    </ClInclude>
    <ClInclude Include="BoardWidget.h">
      <Filter>Header Files\gui\pages\board</Filter>
    </ClInclude>
    <ClInclude Include="BoardTopWidget.h">
      <Filter>Header Files\gui\pages\board\components</Filter>
    </ClInclude>
    <ClInclude Include="BoardBottomWidget.h">
      <Filter>Header Files\gui\pages\board\components</Filter>
    </ClInclude>
  </ItemGroup>
  <ItemGroup>
    <Image Include="Resources\bg.jpg">
      <Filter>Resource Files</Filter>
    </Image>
    <Image Include="Resources\logo.png">
      <Filter>Resource Files</Filter>
    </Image>
    <Image Include="Resources\menuBg.png">
      <Filter>Resource Files</Filter>
    </Image>
    <Image Include="Resources\buttons\genericBg.jpg">
      <Filter>Resource Files</Filter>
    </Image>
    <Image Include="Resources\map\usa_map_prev.jpg">
      <Filter>Resource Files</Filter>
    </Image>
    <Image Include="Resources\buttons\left_arrow.png">
      <Filter>Resource Files</Filter>
    </Image>
    <Image Include="Resources\buttons\right_arrow.png">
      <Filter>Resource Files</Filter>
    </Image>
  </ItemGroup>
  <ItemGroup>
    <None Include="Resources\stylesheet.qss">
      <Filter>Resource Files</Filter>
    </None>
    <None Include="ReadMe.md" />
  </ItemGroup>
  <ItemGroup>
    <Font Include="Resources\fonts\Hemmet.ttf">
      <Filter>Resource Files</Filter>
    </Font>
  </ItemGroup>
</Project>